
Microsoft Visual Studio Solution File, Format Version 12.00
# Visual Studio Version 17
VisualStudioVersion = 17.13.35919.96
MinimumVisualStudioVersion = 10.0.40219.1
Project("{FAE04EC0-301F-11D3-BF4B-00C04F79EFBC}") = "Queue.Insert", "Queue.Insert\Queue.Insert.csproj", "{476F96CD-0063-4999-A563-2DA26EB3A3CC}"
EndProject
Project("{FAE04EC0-301F-11D3-BF4B-00C04F79EFBC}") = "Queue.Update", "Queue.Update\Queue.Update.csproj", "{BBD57610-F43D-4725-B083-4C6AE18B890A}"
EndProject
Project("{FAE04EC0-301F-11D3-BF4B-00C04F79EFBC}") = "Queue.Delete", "Queue.Delete\Queue.Delete.csproj", "{C5282EA6-9A1C-46E1-8D4A-2CCCFE3598D0}"
EndProject
Project("{FAE04EC0-301F-11D3-BF4B-00C04F79EFBC}") = "Queue.Repository", "Queue.Repository\Queue.Repository.csproj", "{3D9C4486-B83D-44DE-AEA1-2CB4F46B3C96}"
EndProject
Project("{2150E333-8FDC-42A3-9474-1A3956D46DE8}") = "Core", "Core", "{02EA681E-C7D8-13C7-8484-4AC65E1B71E8}"
EndProject
Project("{FAE04EC0-301F-11D3-BF4B-00C04F79EFBC}") = "Queue.Domain", "Queue.Domain\Queue.Domain.csproj", "{FEC0C92E-9B5D-44DB-AEF5-D63778DA2E31}"
EndProject
Project("{FAE04EC0-301F-11D3-BF4B-00C04F79EFBC}") = "Queue.Tests", "Worker.Queue.Tests\Queue.Tests.csproj", "{DA395A9E-96B6-496A-948C-87F6049CFAE9}"
EndProject
Project("{2150E333-8FDC-42A3-9474-1A3956D46DE8}") = "Tests", "Tests", "{3C92425D-7601-440E-B64C-98701C94F59F}"
EndProject
Global
	GlobalSection(SolutionConfigurationPlatforms) = preSolution
		Debug|Any CPU = Debug|Any CPU
		Release|Any CPU = Release|Any CPU
	EndGlobalSection
	GlobalSection(ProjectConfigurationPlatforms) = postSolution
		{476F96CD-0063-4999-A563-2DA26EB3A3CC}.Debug|Any CPU.ActiveCfg = Debug|Any CPU
		{476F96CD-0063-4999-A563-2DA26EB3A3CC}.Debug|Any CPU.Build.0 = Debug|Any CPU
		{476F96CD-0063-4999-A563-2DA26EB3A3CC}.Release|Any CPU.ActiveCfg = Release|Any CPU
		{476F96CD-0063-4999-A563-2DA26EB3A3CC}.Release|Any CPU.Build.0 = Release|Any CPU
		{BBD57610-F43D-4725-B083-4C6AE18B890A}.Debug|Any CPU.ActiveCfg = Debug|Any CPU
		{BBD57610-F43D-4725-B083-4C6AE18B890A}.Debug|Any CPU.Build.0 = Debug|Any CPU
		{BBD57610-F43D-4725-B083-4C6AE18B890A}.Release|Any CPU.ActiveCfg = Release|Any CPU
		{BBD57610-F43D-4725-B083-4C6AE18B890A}.Release|Any CPU.Build.0 = Release|Any CPU
		{C5282EA6-9A1C-46E1-8D4A-2CCCFE3598D0}.Debug|Any CPU.ActiveCfg = Debug|Any CPU
		{C5282EA6-9A1C-46E1-8D4A-2CCCFE3598D0}.Debug|Any CPU.Build.0 = Debug|Any CPU
		{C5282EA6-9A1C-46E1-8D4A-2CCCFE3598D0}.Release|Any CPU.ActiveCfg = Release|Any CPU
		{C5282EA6-9A1C-46E1-8D4A-2CCCFE3598D0}.Release|Any CPU.Build.0 = Release|Any CPU
		{3D9C4486-B83D-44DE-AEA1-2CB4F46B3C96}.Debug|Any CPU.ActiveCfg = Debug|Any CPU
		{3D9C4486-B83D-44DE-AEA1-2CB4F46B3C96}.Debug|Any CPU.Build.0 = Debug|Any CPU
		{3D9C4486-B83D-44DE-AEA1-2CB4F46B3C96}.Release|Any CPU.ActiveCfg = Release|Any CPU
		{3D9C4486-B83D-44DE-AEA1-2CB4F46B3C96}.Release|Any CPU.Build.0 = Release|Any CPU
		{FEC0C92E-9B5D-44DB-AEF5-D63778DA2E31}.Debug|Any CPU.ActiveCfg = Debug|Any CPU
		{FEC0C92E-9B5D-44DB-AEF5-D63778DA2E31}.Debug|Any CPU.Build.0 = Debug|Any CPU
		{FEC0C92E-9B5D-44DB-AEF5-D63778DA2E31}.Release|Any CPU.ActiveCfg = Release|Any CPU
		{FEC0C92E-9B5D-44DB-AEF5-D63778DA2E31}.Release|Any CPU.Build.0 = Release|Any CPU
		{DA395A9E-96B6-496A-948C-87F6049CFAE9}.Debug|Any CPU.ActiveCfg = Debug|Any CPU
		{DA395A9E-96B6-496A-948C-87F6049CFAE9}.Debug|Any CPU.Build.0 = Debug|Any CPU
		{DA395A9E-96B6-496A-948C-87F6049CFAE9}.Release|Any CPU.ActiveCfg = Release|Any CPU
		{DA395A9E-96B6-496A-948C-87F6049CFAE9}.Release|Any CPU.Build.0 = Release|Any CPU
	EndGlobalSection
	GlobalSection(SolutionProperties) = preSolution
		HideSolutionNode = FALSE
	EndGlobalSection
	GlobalSection(NestedProjects) = preSolution
		{3D9C4486-B83D-44DE-AEA1-2CB4F46B3C96} = {02EA681E-C7D8-13C7-8484-4AC65E1B71E8}
		{FEC0C92E-9B5D-44DB-AEF5-D63778DA2E31} = {02EA681E-C7D8-13C7-8484-4AC65E1B71E8}
		{DA395A9E-96B6-496A-948C-87F6049CFAE9} = {3C92425D-7601-440E-B64C-98701C94F59F}
	EndGlobalSection
	GlobalSection(ExtensibilityGlobals) = postSolution
		SolutionGuid = {F949B6BA-5642-4ED8-97B2-0315C0F33D69}
	EndGlobalSection
EndGlobal
